
Microsoft Visual Studio Solution File, Format Version 12.00
# Visual Studio 2013
VisualStudioVersion = 12.0.30723.0
MinimumVisualStudioVersion = 10.0.40219.1
Project("{FAE04EC0-301F-11D3-BF4B-00C04F79EFBC}") = "StateMachine", "StateMachine\StateMachine.csproj", "{605E6664-86DF-437E-BB55-CE6A37616331}"
EndProject
Project("{FAE04EC0-301F-11D3-BF4B-00C04F79EFBC}") = "StateMachine.Test", "StateMachine.Test\StateMachine.Test.csproj", "{A9DAC4A4-B0E1-4C43-AC59-7A0E448BE13D}"
EndProject
Project("{2150E333-8FDC-42A3-9474-1A3956D46DE8}") = ".nuget", ".nuget", "{06EC8488-88A4-48B9-9C37-75EBD9F86839}"
EndProject
Global
	GlobalSection(SolutionConfigurationPlatforms) = preSolution
		Debug|Any CPU = Debug|Any CPU
		Release|Any CPU = Release|Any CPU
	EndGlobalSection
	GlobalSection(ProjectConfigurationPlatforms) = postSolution
		{605E6664-86DF-437E-BB55-CE6A37616331}.Debug|Any CPU.ActiveCfg = Debug|Any CPU
		{605E6664-86DF-437E-BB55-CE6A37616331}.Debug|Any CPU.Build.0 = Debug|Any CPU
		{605E6664-86DF-437E-BB55-CE6A37616331}.Release|Any CPU.ActiveCfg = Release|Any CPU
		{605E6664-86DF-437E-BB55-CE6A37616331}.Release|Any CPU.Build.0 = Release|Any CPU
		{A9DAC4A4-B0E1-4C43-AC59-7A0E448BE13D}.Debug|Any CPU.ActiveCfg = Debug|Any CPU
		{A9DAC4A4-B0E1-4C43-AC59-7A0E448BE13D}.Debug|Any CPU.Build.0 = Debug|Any CPU
		{A9DAC4A4-B0E1-4C43-AC59-7A0E448BE13D}.Release|Any CPU.ActiveCfg = Release|Any CPU
		{A9DAC4A4-B0E1-4C43-AC59-7A0E448BE13D}.Release|Any CPU.Build.0 = Release|Any CPU
	EndGlobalSection
	GlobalSection(SolutionProperties) = preSolution
		HideSolutionNode = FALSE
	EndGlobalSection
EndGlobal
